// !$*UTF8*$!
{
	archiveVersion = 1;
	classes = {
	};
	objectVersion = 56;
	objects = {

/* Begin PBXBuildFile section */
		4B4399DD2B56E02000A84D1E /* TestingApp.swift in Sources */ = {isa = PBXBuildFile; fileRef = 4B4399DC2B56E02000A84D1E /* TestingApp.swift */; };
		4B4399E12B56E02200A84D1E /* Assets.xcassets in Resources */ = {isa = PBXBuildFile; fileRef = 4B4399E02B56E02200A84D1E /* Assets.xcassets */; };
		4B4399E52B56E02200A84D1E /* Preview Assets.xcassets in Resources */ = {isa = PBXBuildFile; fileRef = 4B4399E42B56E02200A84D1E /* Preview Assets.xcassets */; };
		4B4399EF2B56E02200A84D1E /* TestingTests.swift in Sources */ = {isa = PBXBuildFile; fileRef = 4B4399EE2B56E02200A84D1E /* TestingTests.swift */; };
		4B4399F92B56E02200A84D1E /* TestingUITests.swift in Sources */ = {isa = PBXBuildFile; fileRef = 4B4399F82B56E02200A84D1E /* TestingUITests.swift */; };
		4B4399FB2B56E02200A84D1E /* TestingUITestsLaunchTests.swift in Sources */ = {isa = PBXBuildFile; fileRef = 4B4399FA2B56E02200A84D1E /* TestingUITestsLaunchTests.swift */; };
		4B7BC7762B6B224A00DE5C4E /* Package.swift in Sources */ = {isa = PBXBuildFile; fileRef = 4B7BC7752B6B224A00DE5C4E /* Package.swift */; };
		4B7BC7782B6B22D300DE5C4E /* AddItemView.swift in Sources */ = {isa = PBXBuildFile; fileRef = 4B7BC7772B6B22D300DE5C4E /* AddItemView.swift */; };
		4B7BC77A2B6B22DB00DE5C4E /* Item.swift in Sources */ = {isa = PBXBuildFile; fileRef = 4B7BC7792B6B22DB00DE5C4E /* Item.swift */; };
		4B7BC77C2B6B22E000DE5C4E /* ItemDetailView.swift in Sources */ = {isa = PBXBuildFile; fileRef = 4B7BC77B2B6B22E000DE5C4E /* ItemDetailView.swift */; };
		4B7BC77E2B6B22EF00DE5C4E /* scripts.txt in Resources */ = {isa = PBXBuildFile; fileRef = 4B7BC77D2B6B22EF00DE5C4E /* scripts.txt */; };
/* End PBXBuildFile section */

/* Begin PBXContainerItemProxy section */
		4B4399EB2B56E02200A84D1E /* PBXContainerItemProxy */ = {
			isa = PBXContainerItemProxy;
			containerPortal = 4B4399D12B56E02000A84D1E /* Project object */;
			proxyType = 1;
			remoteGlobalIDString = 4B4399D82B56E02000A84D1E;
			remoteInfo = Testing;
		};
		4B4399F52B56E02200A84D1E /* PBXContainerItemProxy */ = {
			isa = PBXContainerItemProxy;
			containerPortal = 4B4399D12B56E02000A84D1E /* Project object */;
			proxyType = 1;
			remoteGlobalIDString = 4B4399D82B56E02000A84D1E;
			remoteInfo = Testing;
		};
/* End PBXContainerItemProxy section */

/* Begin PBXFileReference section */
		4B4399D92B56E02000A84D1E /* Testing.app */ = {isa = PBXFileReference; explicitFileType = wrapper.application; includeInIndex = 0; path = Testing.app; sourceTree = BUILT_PRODUCTS_DIR; };
		4B4399DC2B56E02000A84D1E /* TestingApp.swift */ = {isa = PBXFileReference; lastKnownFileType = sourcecode.swift; path = TestingApp.swift; sourceTree = "<group>"; };
		4B4399E02B56E02200A84D1E /* Assets.xcassets */ = {isa = PBXFileReference; lastKnownFileType = folder.assetcatalog; path = Assets.xcassets; sourceTree = "<group>"; };
		4B4399E22B56E02200A84D1E /* Testing.entitlements */ = {isa = PBXFileReference; lastKnownFileType = text.plist.entitlements; path = Testing.entitlements; sourceTree = "<group>"; };
		4B4399E42B56E02200A84D1E /* Preview Assets.xcassets */ = {isa = PBXFileReference; lastKnownFileType = folder.assetcatalog; path = "Preview Assets.xcassets"; sourceTree = "<group>"; };
		4B4399EA2B56E02200A84D1E /* TestingTests.xctest */ = {isa = PBXFileReference; explicitFileType = wrapper.cfbundle; includeInIndex = 0; path = TestingTests.xctest; sourceTree = BUILT_PRODUCTS_DIR; };
		4B4399EE2B56E02200A84D1E /* TestingTests.swift */ = {isa = PBXFileReference; lastKnownFileType = sourcecode.swift; path = TestingTests.swift; sourceTree = "<group>"; };
		4B4399F42B56E02200A84D1E /* TestingUITests.xctest */ = {isa = PBXFileReference; explicitFileType = wrapper.cfbundle; includeInIndex = 0; path = TestingUITests.xctest; sourceTree = BUILT_PRODUCTS_DIR; };
		4B4399F82B56E02200A84D1E /* TestingUITests.swift */ = {isa = PBXFileReference; lastKnownFileType = sourcecode.swift; path = TestingUITests.swift; sourceTree = "<group>"; };
		4B4399FA2B56E02200A84D1E /* TestingUITestsLaunchTests.swift */ = {isa = PBXFileReference; lastKnownFileType = sourcecode.swift; path = TestingUITestsLaunchTests.swift; sourceTree = "<group>"; };
		4B7BC7752B6B224A00DE5C4E /* Package.swift */ = {isa = PBXFileReference; fileEncoding = 4; lastKnownFileType = sourcecode.swift; name = Package.swift; path = "../../../../../Downloads/ECE49595O-eStorage-main/eStorage/Scripts/Package.swift"; sourceTree = "<group>"; };
		4B7BC7772B6B22D300DE5C4E /* AddItemView.swift */ = {isa = PBXFileReference; fileEncoding = 4; lastKnownFileType = sourcecode.swift; name = AddItemView.swift; path = "../../../../../Downloads/ECE49595O-eStorage-main/eStorage/Scripts/AddItemView.swift"; sourceTree = "<group>"; };
		4B7BC7792B6B22DB00DE5C4E /* Item.swift */ = {isa = PBXFileReference; fileEncoding = 4; lastKnownFileType = sourcecode.swift; name = Item.swift; path = "../../../../../Downloads/ECE49595O-eStorage-main/eStorage/Scripts/Item.swift"; sourceTree = "<group>"; };
		4B7BC77B2B6B22E000DE5C4E /* ItemDetailView.swift */ = {isa = PBXFileReference; fileEncoding = 4; lastKnownFileType = sourcecode.swift; name = ItemDetailView.swift; path = "../../../../../Downloads/ECE49595O-eStorage-main/eStorage/Scripts/ItemDetailView.swift"; sourceTree = "<group>"; };
		4B7BC77D2B6B22EF00DE5C4E /* scripts.txt */ = {isa = PBXFileReference; fileEncoding = 4; lastKnownFileType = text; name = scripts.txt; path = "../../../../../Downloads/ECE49595O-eStorage-main/eStorage/Scripts/scripts.txt"; sourceTree = "<group>"; };
/* End PBXFileReference section */

/* Begin PBXFrameworksBuildPhase section */
		4B4399D62B56E02000A84D1E /* Frameworks */ = {
			isa = PBXFrameworksBuildPhase;
			buildActionMask = 2147483647;
			files = (
			);
			runOnlyForDeploymentPostprocessing = 0;
		};
		4B4399E72B56E02200A84D1E /* Frameworks */ = {
			isa = PBXFrameworksBuildPhase;
			buildActionMask = 2147483647;
			files = (
			);
			runOnlyForDeploymentPostprocessing = 0;
		};
		4B4399F12B56E02200A84D1E /* Frameworks */ = {
			isa = PBXFrameworksBuildPhase;
			buildActionMask = 2147483647;
			files = (
			);
			runOnlyForDeploymentPostprocessing = 0;
		};
/* End PBXFrameworksBuildPhase section */

/* Begin PBXGroup section */
		4B4399D02B56E02000A84D1E = {
			isa = PBXGroup;
			children = (
				4B4399DB2B56E02000A84D1E /* Testing */,
				4B4399ED2B56E02200A84D1E /* TestingTests */,
				4B4399F72B56E02200A84D1E /* TestingUITests */,
				4B4399DA2B56E02000A84D1E /* Products */,
			);
			sourceTree = "<group>";
		};
		4B4399DA2B56E02000A84D1E /* Products */ = {
			isa = PBXGroup;
			children = (
				4B4399D92B56E02000A84D1E /* Testing.app */,
				4B4399EA2B56E02200A84D1E /* TestingTests.xctest */,
				4B4399F42B56E02200A84D1E /* TestingUITests.xctest */,
			);
			name = Products;
			sourceTree = "<group>";
		};
		4B4399DB2B56E02000A84D1E /* Testing */ = {
			isa = PBXGroup;
			children = (
				4B7BC77D2B6B22EF00DE5C4E /* scripts.txt */,
				4B7BC77B2B6B22E000DE5C4E /* ItemDetailView.swift */,
				4B7BC7792B6B22DB00DE5C4E /* Item.swift */,
				4B7BC7772B6B22D300DE5C4E /* AddItemView.swift */,
				4B7BC7752B6B224A00DE5C4E /* Package.swift */,
				4B4399DC2B56E02000A84D1E /* TestingApp.swift */,
				4B4399E02B56E02200A84D1E /* Assets.xcassets */,
				4B4399E22B56E02200A84D1E /* Testing.entitlements */,
				4B4399E32B56E02200A84D1E /* Preview Content */,
			);
			path = Testing;
			sourceTree = "<group>";
		};
		4B4399E32B56E02200A84D1E /* Preview Content */ = {
			isa = PBXGroup;
			children = (
				4B4399E42B56E02200A84D1E /* Preview Assets.xcassets */,
			);
			path = "Preview Content";
			sourceTree = "<group>";
		};
		4B4399ED2B56E02200A84D1E /* TestingTests */ = {
			isa = PBXGroup;
			children = (
				4B4399EE2B56E02200A84D1E /* TestingTests.swift */,
			);
			path = TestingTests;
			sourceTree = "<group>";
		};
		4B4399F72B56E02200A84D1E /* TestingUITests */ = {
			isa = PBXGroup;
			children = (
				4B4399F82B56E02200A84D1E /* TestingUITests.swift */,
				4B4399FA2B56E02200A84D1E /* TestingUITestsLaunchTests.swift */,
			);
			path = TestingUITests;
			sourceTree = "<group>";
		};
/* End PBXGroup section */

/* Begin PBXNativeTarget section */
		4B4399D82B56E02000A84D1E /* Testing */ = {
			isa = PBXNativeTarget;
			buildConfigurationList = 4B4399FE2B56E02200A84D1E /* Build configuration list for PBXNativeTarget "Testing" */;
			buildPhases = (
				4B4399D52B56E02000A84D1E /* Sources */,
				4B4399D62B56E02000A84D1E /* Frameworks */,
				4B4399D72B56E02000A84D1E /* Resources */,
			);
			buildRules = (
			);
			dependencies = (
			);
			name = Testing;
			productName = Testing;
			productReference = 4B4399D92B56E02000A84D1E /* Testing.app */;
			productType = "com.apple.product-type.application";
		};
		4B4399E92B56E02200A84D1E /* TestingTests */ = {
			isa = PBXNativeTarget;
			buildConfigurationList = 4B439A012B56E02200A84D1E /* Build configuration list for PBXNativeTarget "TestingTests" */;
			buildPhases = (
				4B4399E62B56E02200A84D1E /* Sources */,
				4B4399E72B56E02200A84D1E /* Frameworks */,
				4B4399E82B56E02200A84D1E /* Resources */,
			);
			buildRules = (
			);
			dependencies = (
				4B4399EC2B56E02200A84D1E /* PBXTargetDependency */,
			);
			name = TestingTests;
			productName = TestingTests;
			productReference = 4B4399EA2B56E02200A84D1E /* TestingTests.xctest */;
			productType = "com.apple.product-type.bundle.unit-test";
		};
		4B4399F32B56E02200A84D1E /* TestingUITests */ = {
			isa = PBXNativeTarget;
			buildConfigurationList = 4B439A042B56E02200A84D1E /* Build configuration list for PBXNativeTarget "TestingUITests" */;
			buildPhases = (
				4B4399F02B56E02200A84D1E /* Sources */,
				4B4399F12B56E02200A84D1E /* Frameworks */,
				4B4399F22B56E02200A84D1E /* Resources */,
			);
			buildRules = (
			);
			dependencies = (
				4B4399F62B56E02200A84D1E /* PBXTargetDependency */,
			);
			name = TestingUITests;
			productName = TestingUITests;
			productReference = 4B4399F42B56E02200A84D1E /* TestingUITests.xctest */;
			productType = "com.apple.product-type.bundle.ui-testing";
		};
/* End PBXNativeTarget section */

/* Begin PBXProject section */
		4B4399D12B56E02000A84D1E /* Project object */ = {
			isa = PBXProject;
			attributes = {
				BuildIndependentTargetsInParallel = 1;
				LastSwiftUpdateCheck = 1510;
				LastUpgradeCheck = 1510;
				TargetAttributes = {
					4B4399D82B56E02000A84D1E = {
						CreatedOnToolsVersion = 15.1;
					};
					4B4399E92B56E02200A84D1E = {
						CreatedOnToolsVersion = 15.1;
						TestTargetID = 4B4399D82B56E02000A84D1E;
					};
					4B4399F32B56E02200A84D1E = {
						CreatedOnToolsVersion = 15.1;
						TestTargetID = 4B4399D82B56E02000A84D1E;
					};
				};
			};
			buildConfigurationList = 4B4399D42B56E02000A84D1E /* Build configuration list for PBXProject "Testing" */;
			compatibilityVersion = "Xcode 14.0";
			developmentRegion = en;
			hasScannedForEncodings = 0;
			knownRegions = (
				en,
				Base,
			);
			mainGroup = 4B4399D02B56E02000A84D1E;
			productRefGroup = 4B4399DA2B56E02000A84D1E /* Products */;
			projectDirPath = "";
			projectRoot = "";
			targets = (
				4B4399D82B56E02000A84D1E /* Testing */,
				4B4399E92B56E02200A84D1E /* TestingTests */,
				4B4399F32B56E02200A84D1E /* TestingUITests */,
			);
		};
/* End PBXProject section */

/* Begin PBXResourcesBuildPhase section */
		4B4399D72B56E02000A84D1E /* Resources */ = {
			isa = PBXResourcesBuildPhase;
			buildActionMask = 2147483647;
			files = (
				4B7BC77E2B6B22EF00DE5C4E /* scripts.txt in Resources */,
				4B4399E52B56E02200A84D1E /* Preview Assets.xcassets in Resources */,
				4B4399E12B56E02200A84D1E /* Assets.xcassets in Resources */,
			);
			runOnlyForDeploymentPostprocessing = 0;
		};
		4B4399E82B56E02200A84D1E /* Resources */ = {
			isa = PBXResourcesBuildPhase;
			buildActionMask = 2147483647;
			files = (
			);
			runOnlyForDeploymentPostprocessing = 0;
		};
		4B4399F22B56E02200A84D1E /* Resources */ = {
			isa = PBXResourcesBuildPhase;
			buildActionMask = 2147483647;
			files = (
			);
			runOnlyForDeploymentPostprocessing = 0;
		};
/* End PBXResourcesBuildPhase section */

/* Begin PBXSourcesBuildPhase section */
		4B4399D52B56E02000A84D1E /* Sources */ = {
			isa = PBXSourcesBuildPhase;
			buildActionMask = 2147483647;
			files = (
				4B7BC77C2B6B22E000DE5C4E /* ItemDetailView.swift in Sources */,
				4B7BC77A2B6B22DB00DE5C4E /* Item.swift in Sources */,
				4B7BC7762B6B224A00DE5C4E /* Package.swift in Sources */,
				4B7BC7782B6B22D300DE5C4E /* AddItemView.swift in Sources */,
				4B4399DD2B56E02000A84D1E /* TestingApp.swift in Sources */,
			);
			runOnlyForDeploymentPostprocessing = 0;
		};
		4B4399E62B56E02200A84D1E /* Sources */ = {
			isa = PBXSourcesBuildPhase;
			buildActionMask = 2147483647;
			files = (
				4B4399EF2B56E02200A84D1E /* TestingTests.swift in Sources */,
			);
			runOnlyForDeploymentPostprocessing = 0;
		};
		4B4399F02B56E02200A84D1E /* Sources */ = {
			isa = PBXSourcesBuildPhase;
			buildActionMask = 2147483647;
			files = (
				4B4399F92B56E02200A84D1E /* TestingUITests.swift in Sources */,
				4B4399FB2B56E02200A84D1E /* TestingUITestsLaunchTests.swift in Sources */,
			);
			runOnlyForDeploymentPostprocessing = 0;
		};
/* End PBXSourcesBuildPhase section */

/* Begin PBXTargetDependency section */
		4B4399EC2B56E02200A84D1E /* PBXTargetDependency */ = {
			isa = PBXTargetDependency;
			target = 4B4399D82B56E02000A84D1E /* Testing */;
			targetProxy = 4B4399EB2B56E02200A84D1E /* PBXContainerItemProxy */;
		};
		4B4399F62B56E02200A84D1E /* PBXTargetDependency */ = {
			isa = PBXTargetDependency;
			target = 4B4399D82B56E02000A84D1E /* Testing */;
			targetProxy = 4B4399F52B56E02200A84D1E /* PBXContainerItemProxy */;
		};
/* End PBXTargetDependency section */

/* Begin XCBuildConfiguration section */
		4B4399FC2B56E02200A84D1E /* Debug */ = {
			isa = XCBuildConfiguration;
			buildSettings = {
				ALWAYS_SEARCH_USER_PATHS = NO;
				ASSETCATALOG_COMPILER_GENERATE_SWIFT_ASSET_SYMBOL_EXTENSIONS = YES;
				CLANG_ANALYZER_NONNULL = YES;
				CLANG_ANALYZER_NUMBER_OBJECT_CONVERSION = YES_AGGRESSIVE;
				CLANG_CXX_LANGUAGE_STANDARD = "gnu++20";
				CLANG_ENABLE_MODULES = YES;
				CLANG_ENABLE_OBJC_ARC = YES;
				CLANG_ENABLE_OBJC_WEAK = YES;
				CLANG_WARN_BLOCK_CAPTURE_AUTORELEASING = YES;
				CLANG_WARN_BOOL_CONVERSION = YES;
				CLANG_WARN_COMMA = YES;
				CLANG_WARN_CONSTANT_CONVERSION = YES;
				CLANG_WARN_DEPRECATED_OBJC_IMPLEMENTATIONS = YES;
				CLANG_WARN_DIRECT_OBJC_ISA_USAGE = YES_ERROR;
				CLANG_WARN_DOCUMENTATION_COMMENTS = YES;
				CLANG_WARN_EMPTY_BODY = YES;
				CLANG_WARN_ENUM_CONVERSION = YES;
				CLANG_WARN_INFINITE_RECURSION = YES;
				CLANG_WARN_INT_CONVERSION = YES;
				CLANG_WARN_NON_LITERAL_NULL_CONVERSION = YES;
				CLANG_WARN_OBJC_IMPLICIT_RETAIN_SELF = YES;
				CLANG_WARN_OBJC_LITERAL_CONVERSION = YES;
				CLANG_WARN_OBJC_ROOT_CLASS = YES_ERROR;
				CLANG_WARN_QUOTED_INCLUDE_IN_FRAMEWORK_HEADER = YES;
				CLANG_WARN_RANGE_LOOP_ANALYSIS = YES;
				CLANG_WARN_STRICT_PROTOTYPES = YES;
				CLANG_WARN_SUSPICIOUS_MOVE = YES;
				CLANG_WARN_UNGUARDED_AVAILABILITY = YES_AGGRESSIVE;
				CLANG_WARN_UNREACHABLE_CODE = YES;
				CLANG_WARN__DUPLICATE_METHOD_MATCH = YES;
				COPY_PHASE_STRIP = NO;
				DEBUG_INFORMATION_FORMAT = dwarf;
				ENABLE_STRICT_OBJC_MSGSEND = YES;
				ENABLE_TESTABILITY = YES;
				ENABLE_USER_SCRIPT_SANDBOXING = YES;
				GCC_C_LANGUAGE_STANDARD = gnu17;
				GCC_DYNAMIC_NO_PIC = NO;
				GCC_NO_COMMON_BLOCKS = YES;
				GCC_OPTIMIZATION_LEVEL = 0;
				GCC_PREPROCESSOR_DEFINITIONS = (
					"DEBUG=1",
					"$(inherited)",
				);
				GCC_WARN_64_TO_32_BIT_CONVERSION = YES;
				GCC_WARN_ABOUT_RETURN_TYPE = YES_ERROR;
				GCC_WARN_UNDECLARED_SELECTOR = YES;
				GCC_WARN_UNINITIALIZED_AUTOS = YES_AGGRESSIVE;
				GCC_WARN_UNUSED_FUNCTION = YES;
				GCC_WARN_UNUSED_VARIABLE = YES;
				LOCALIZATION_PREFERS_STRING_CATALOGS = YES;
				MTL_ENABLE_DEBUG_INFO = INCLUDE_SOURCE;
				MTL_FAST_MATH = YES;
				ONLY_ACTIVE_ARCH = YES;
				SWIFT_ACTIVE_COMPILATION_CONDITIONS = "DEBUG $(inherited)";
				SWIFT_OPTIMIZATION_LEVEL = "-Onone";
			};
			name = Debug;
		};
		4B4399FD2B56E02200A84D1E /* Release */ = {
			isa = XCBuildConfiguration;
			buildSettings = {
				ALWAYS_SEARCH_USER_PATHS = NO;
				ASSETCATALOG_COMPILER_GENERATE_SWIFT_ASSET_SYMBOL_EXTENSIONS = YES;
				CLANG_ANALYZER_NONNULL = YES;
				CLANG_ANALYZER_NUMBER_OBJECT_CONVERSION = YES_AGGRESSIVE;
				CLANG_CXX_LANGUAGE_STANDARD = "gnu++20";
				CLANG_ENABLE_MODULES = YES;
				CLANG_ENABLE_OBJC_ARC = YES;
				CLANG_ENABLE_OBJC_WEAK = YES;
				CLANG_WARN_BLOCK_CAPTURE_AUTORELEASING = YES;
				CLANG_WARN_BOOL_CONVERSION = YES;
				CLANG_WARN_COMMA = YES;
				CLANG_WARN_CONSTANT_CONVERSION = YES;
				CLANG_WARN_DEPRECATED_OBJC_IMPLEMENTATIONS = YES;
				CLANG_WARN_DIRECT_OBJC_ISA_USAGE = YES_ERROR;
				CLANG_WARN_DOCUMENTATION_COMMENTS = YES;
				CLANG_WARN_EMPTY_BODY = YES;
				CLANG_WARN_ENUM_CONVERSION = YES;
				CLANG_WARN_INFINITE_RECURSION = YES;
				CLANG_WARN_INT_CONVERSION = YES;
				CLANG_WARN_NON_LITERAL_NULL_CONVERSION = YES;
				CLANG_WARN_OBJC_IMPLICIT_RETAIN_SELF = YES;
				CLANG_WARN_OBJC_LITERAL_CONVERSION = YES;
				CLANG_WARN_OBJC_ROOT_CLASS = YES_ERROR;
				CLANG_WARN_QUOTED_INCLUDE_IN_FRAMEWORK_HEADER = YES;
				CLANG_WARN_RANGE_LOOP_ANALYSIS = YES;
				CLANG_WARN_STRICT_PROTOTYPES = YES;
				CLANG_WARN_SUSPICIOUS_MOVE = YES;
				CLANG_WARN_UNGUARDED_AVAILABILITY = YES_AGGRESSIVE;
				CLANG_WARN_UNREACHABLE_CODE = YES;
				CLANG_WARN__DUPLICATE_METHOD_MATCH = YES;
				COPY_PHASE_STRIP = NO;
				DEBUG_INFORMATION_FORMAT = "dwarf-with-dsym";
				ENABLE_NS_ASSERTIONS = NO;
				ENABLE_STRICT_OBJC_MSGSEND = YES;
				ENABLE_USER_SCRIPT_SANDBOXING = YES;
				GCC_C_LANGUAGE_STANDARD = gnu17;
				GCC_NO_COMMON_BLOCKS = YES;
				GCC_WARN_64_TO_32_BIT_CONVERSION = YES;
				GCC_WARN_ABOUT_RETURN_TYPE = YES_ERROR;
				GCC_WARN_UNDECLARED_SELECTOR = YES;
				GCC_WARN_UNINITIALIZED_AUTOS = YES_AGGRESSIVE;
				GCC_WARN_UNUSED_FUNCTION = YES;
				GCC_WARN_UNUSED_VARIABLE = YES;
				LOCALIZATION_PREFERS_STRING_CATALOGS = YES;
				MTL_ENABLE_DEBUG_INFO = NO;
				MTL_FAST_MATH = YES;
				SWIFT_COMPILATION_MODE = wholemodule;
			};
			name = Release;
		};
		4B4399FF2B56E02200A84D1E /* Debug */ = {
			isa = XCBuildConfiguration;
			buildSettings = {
				ASSETCATALOG_COMPILER_APPICON_NAME = AppIcon;
				ASSETCATALOG_COMPILER_GLOBAL_ACCENT_COLOR_NAME = AccentColor;
				CODE_SIGN_ENTITLEMENTS = Testing/Testing.entitlements;
				CODE_SIGN_STYLE = Automatic;
				CURRENT_PROJECT_VERSION = 1;
				DEVELOPMENT_ASSET_PATHS = "\"Testing/Preview Content\"";
				ENABLE_PREVIEWS = YES;
				GENERATE_INFOPLIST_FILE = YES;
				"INFOPLIST_KEY_UIApplicationSceneManifest_Generation[sdk=iphoneos*]" = YES;
				"INFOPLIST_KEY_UIApplicationSceneManifest_Generation[sdk=iphonesimulator*]" = YES;
				"INFOPLIST_KEY_UIApplicationSupportsIndirectInputEvents[sdk=iphoneos*]" = YES;
				"INFOPLIST_KEY_UIApplicationSupportsIndirectInputEvents[sdk=iphonesimulator*]" = YES;
				"INFOPLIST_KEY_UILaunchScreen_Generation[sdk=iphoneos*]" = YES;
				"INFOPLIST_KEY_UILaunchScreen_Generation[sdk=iphonesimulator*]" = YES;
				"INFOPLIST_KEY_UIStatusBarStyle[sdk=iphoneos*]" = UIStatusBarStyleDefault;
				"INFOPLIST_KEY_UIStatusBarStyle[sdk=iphonesimulator*]" = UIStatusBarStyleDefault;
				INFOPLIST_KEY_UISupportedInterfaceOrientations_iPad = "UIInterfaceOrientationPortrait UIInterfaceOrientationPortraitUpsideDown UIInterfaceOrientationLandscapeLeft UIInterfaceOrientationLandscapeRight";
				INFOPLIST_KEY_UISupportedInterfaceOrientations_iPhone = "UIInterfaceOrientationPortrait UIInterfaceOrientationLandscapeLeft UIInterfaceOrientationLandscapeRight";
				IPHONEOS_DEPLOYMENT_TARGET = 17.2;
				LD_RUNPATH_SEARCH_PATHS = "@executable_path/Frameworks";
				"LD_RUNPATH_SEARCH_PATHS[sdk=macosx*]" = "@executable_path/../Frameworks";
				MACOSX_DEPLOYMENT_TARGET = 13.6;
				MARKETING_VERSION = 1.0;
				PRODUCT_BUNDLE_IDENTIFIER = yuchen.Testing;
				PRODUCT_NAME = "$(TARGET_NAME)";
				SDKROOT = auto;
				SUPPORTED_PLATFORMS = "iphoneos iphonesimulator macosx";
				SWIFT_EMIT_LOC_STRINGS = YES;
				SWIFT_VERSION = 5.0;
				TARGETED_DEVICE_FAMILY = "1,2";
			};
			name = Debug;
		};
		4B439A002B56E02200A84D1E /* Release */ = {
			isa = XCBuildConfiguration;
			buildSettings = {
				ASSETCATALOG_COMPILER_APPICON_NAME = AppIcon;
				ASSETCATALOG_COMPILER_GLOBAL_ACCENT_COLOR_NAME = AccentColor;
				CODE_SIGN_ENTITLEMENTS = Testing/Testing.entitlements;
				CODE_SIGN_STYLE = Automatic;
				CURRENT_PROJECT_VERSION = 1;
				DEVELOPMENT_ASSET_PATHS = "\"Testing/Preview Content\"";
				ENABLE_PREVIEWS = YES;
				GENERATE_INFOPLIST_FILE = YES;
				"INFOPLIST_KEY_UIApplicationSceneManifest_Generation[sdk=iphoneos*]" = YES;
				"INFOPLIST_KEY_UIApplicationSceneManifest_Generation[sdk=iphonesimulator*]" = YES;
				"INFOPLIST_KEY_UIApplicationSupportsIndirectInputEvents[sdk=iphoneos*]" = YES;
				"INFOPLIST_KEY_UIApplicationSupportsIndirectInputEvents[sdk=iphonesimulator*]" = YES;
				"INFOPLIST_KEY_UILaunchScreen_Generation[sdk=iphoneos*]" = YES;
				"INFOPLIST_KEY_UILaunchScreen_Generation[sdk=iphonesimulator*]" = YES;
				"INFOPLIST_KEY_UIStatusBarStyle[sdk=iphoneos*]" = UIStatusBarStyleDefault;
				"INFOPLIST_KEY_UIStatusBarStyle[sdk=iphonesimulator*]" = UIStatusBarStyleDefault;
				INFOPLIST_KEY_UISupportedInterfaceOrientations_iPad = "UIInterfaceOrientationPortrait UIInterfaceOrientationPortraitUpsideDown UIInterfaceOrientationLandscapeLeft UIInterfaceOrientationLandscapeRight";
				INFOPLIST_KEY_UISupportedInterfaceOrientations_iPhone = "UIInterfaceOrientationPortrait UIInterfaceOrientationLandscapeLeft UIInterfaceOrientationLandscapeRight";
				IPHONEOS_DEPLOYMENT_TARGET = 17.2;
				LD_RUNPATH_SEARCH_PATHS = "@executable_path/Frameworks";
				"LD_RUNPATH_SEARCH_PATHS[sdk=macosx*]" = "@executable_path/../Frameworks";
				MACOSX_DEPLOYMENT_TARGET = 13.6;
				MARKETING_VERSION = 1.0;
				PRODUCT_BUNDLE_IDENTIFIER = yuchen.Testing;
				PRODUCT_NAME = "$(TARGET_NAME)";
				SDKROOT = auto;
				SUPPORTED_PLATFORMS = "iphoneos iphonesimulator macosx";
				SWIFT_EMIT_LOC_STRINGS = YES;
				SWIFT_VERSION = 5.0;
				TARGETED_DEVICE_FAMILY = "1,2";
			};
			name = Release;
		};
		4B439A022B56E02200A84D1E /* Debug */ = {
			isa = XCBuildConfiguration;
			buildSettings = {
				ALWAYS_EMBED_SWIFT_STANDARD_LIBRARIES = YES;
				BUNDLE_LOADER = "$(TEST_HOST)";
				CODE_SIGN_STYLE = Automatic;
				CURRENT_PROJECT_VERSION = 1;
				GENERATE_INFOPLIST_FILE = YES;
				IPHONEOS_DEPLOYMENT_TARGET = 17.2;
				MACOSX_DEPLOYMENT_TARGET = 13.6;
				MARKETING_VERSION = 1.0;
				PRODUCT_BUNDLE_IDENTIFIER = yuchen.TestingTests;
				PRODUCT_NAME = "$(TARGET_NAME)";
				SDKROOT = auto;
				SUPPORTED_PLATFORMS = "iphoneos iphonesimulator macosx";
				SWIFT_EMIT_LOC_STRINGS = NO;
				SWIFT_VERSION = 5.0;
				TARGETED_DEVICE_FAMILY = "1,2";
				TEST_HOST = "$(BUILT_PRODUCTS_DIR)/Testing.app/$(BUNDLE_EXECUTABLE_FOLDER_PATH)/Testing";
			};
			name = Debug;
		};
		4B439A032B56E02200A84D1E /* Release */ = {
			isa = XCBuildConfiguration;
			buildSettings = {
				ALWAYS_EMBED_SWIFT_STANDARD_LIBRARIES = YES;
				BUNDLE_LOADER = "$(TEST_HOST)";
				CODE_SIGN_STYLE = Automatic;
				CURRENT_PROJECT_VERSION = 1;
				GENERATE_INFOPLIST_FILE = YES;
				IPHONEOS_DEPLOYMENT_TARGET = 17.2;
				MACOSX_DEPLOYMENT_TARGET = 13.6;
				MARKETING_VERSION = 1.0;
				PRODUCT_BUNDLE_IDENTIFIER = yuchen.TestingTests;
				PRODUCT_NAME = "$(TARGET_NAME)";
				SDKROOT = auto;
				SUPPORTED_PLATFORMS = "iphoneos iphonesimulator macosx";
				SWIFT_EMIT_LOC_STRINGS = NO;
				SWIFT_VERSION = 5.0;
				TARGETED_DEVICE_FAMILY = "1,2";
				TEST_HOST = "$(BUILT_PRODUCTS_DIR)/Testing.app/$(BUNDLE_EXECUTABLE_FOLDER_PATH)/Testing";
			};
			name = Release;
		};
		4B439A052B56E02200A84D1E /* Debug */ = {
			isa = XCBuildConfiguration;
			buildSettings = {
				ALWAYS_EMBED_SWIFT_STANDARD_LIBRARIES = YES;
				CODE_SIGN_STYLE = Automatic;
				CURRENT_PROJECT_VERSION = 1;
				GENERATE_INFOPLIST_FILE = YES;
				IPHONEOS_DEPLOYMENT_TARGET = 17.2;
				MACOSX_DEPLOYMENT_TARGET = 13.6;
				MARKETING_VERSION = 1.0;
				PRODUCT_BUNDLE_IDENTIFIER = yuchen.TestingUITests;
				PRODUCT_NAME = "$(TARGET_NAME)";
				SDKROOT = auto;
				SUPPORTED_PLATFORMS = "iphoneos iphonesimulator macosx";
				SWIFT_EMIT_LOC_STRINGS = NO;
				SWIFT_VERSION = 5.0;
				TARGETED_DEVICE_FAMILY = "1,2";
				TEST_TARGET_NAME = Testing;
			};
			name = Debug;
		};
		4B439A062B56E02200A84D1E /* Release */ = {
			isa = XCBuildConfiguration;
			buildSettings = {
				ALWAYS_EMBED_SWIFT_STANDARD_LIBRARIES = YES;
				CODE_SIGN_STYLE = Automatic;
				CURRENT_PROJECT_VERSION = 1;
				GENERATE_INFOPLIST_FILE = YES;
				IPHONEOS_DEPLOYMENT_TARGET = 17.2;
				MACOSX_DEPLOYMENT_TARGET = 13.6;
				MARKETING_VERSION = 1.0;
				PRODUCT_BUNDLE_IDENTIFIER = yuchen.TestingUITests;
				PRODUCT_NAME = "$(TARGET_NAME)";
				SDKROOT = auto;
				SUPPORTED_PLATFORMS = "iphoneos iphonesimulator macosx";
				SWIFT_EMIT_LOC_STRINGS = NO;
				SWIFT_VERSION = 5.0;
				TARGETED_DEVICE_FAMILY = "1,2";
				TEST_TARGET_NAME = Testing;
			};
			name = Release;
		};
/* End XCBuildConfiguration section */

/* Begin XCConfigurationList section */
		4B4399D42B56E02000A84D1E /* Build configuration list for PBXProject "Testing" */ = {
			isa = XCConfigurationList;
			buildConfigurations = (
				4B4399FC2B56E02200A84D1E /* Debug */,
				4B4399FD2B56E02200A84D1E /* Release */,
			);
			defaultConfigurationIsVisible = 0;
			defaultConfigurationName = Release;
		};
		4B4399FE2B56E02200A84D1E /* Build configuration list for PBXNativeTarget "Testing" */ = {
			isa = XCConfigurationList;
			buildConfigurations = (
				4B4399FF2B56E02200A84D1E /* Debug */,
				4B439A002B56E02200A84D1E /* Release */,
			);
			defaultConfigurationIsVisible = 0;
			defaultConfigurationName = Release;
		};
		4B439A012B56E02200A84D1E /* Build configuration list for PBXNativeTarget "TestingTests" */ = {
			isa = XCConfigurationList;
			buildConfigurations = (
				4B439A022B56E02200A84D1E /* Debug */,
				4B439A032B56E02200A84D1E /* Release */,
			);
			defaultConfigurationIsVisible = 0;
			defaultConfigurationName = Release;
		};
		4B439A042B56E02200A84D1E /* Build configuration list for PBXNativeTarget "TestingUITests" */ = {
			isa = XCConfigurationList;
			buildConfigurations = (
				4B439A052B56E02200A84D1E /* Debug */,
				4B439A062B56E02200A84D1E /* Release */,
			);
			defaultConfigurationIsVisible = 0;
			defaultConfigurationName = Release;
		};
/* End XCConfigurationList section */
	};
	rootObject = 4B4399D12B56E02000A84D1E /* Project object */;
}
